// !$*UTF8*$!
{
	archiveVersion = 1;
	classes = {
	};
	objectVersion = 50;
	objects = {

/* Begin PBXBuildFile section */
		878FCED12588B1FD00CA29F5 /* AppDelegate.swift in Sources */ = {isa = PBXBuildFile; fileRef = 878FCED02588B1FD00CA29F5 /* AppDelegate.swift */; };
		878FCED32588B1FD00CA29F5 /* SceneDelegate.swift in Sources */ = {isa = PBXBuildFile; fileRef = 878FCED22588B1FD00CA29F5 /* SceneDelegate.swift */; };
		878FCED52588B1FD00CA29F5 /* MainViewController.swift in Sources */ = {isa = PBXBuildFile; fileRef = 878FCED42588B1FD00CA29F5 /* MainViewController.swift */; };
		878FCED82588B1FD00CA29F5 /* Main.storyboard in Resources */ = {isa = PBXBuildFile; fileRef = 878FCED62588B1FD00CA29F5 /* Main.storyboard */; };
		878FCEDA2588B1FD00CA29F5 /* Assets.xcassets in Resources */ = {isa = PBXBuildFile; fileRef = 878FCED92588B1FD00CA29F5 /* Assets.xcassets */; };
		878FCEDD2588B1FD00CA29F5 /* LaunchScreen.storyboard in Resources */ = {isa = PBXBuildFile; fileRef = 878FCEDB2588B1FD00CA29F5 /* LaunchScreen.storyboard */; };
		878FCEE62588B24400CA29F5 /* Content.swift in Sources */ = {isa = PBXBuildFile; fileRef = 878FCEE52588B24400CA29F5 /* Content.swift */; };
		878FCEEA2588B27C00CA29F5 /* myExtensions.swift in Sources */ = {isa = PBXBuildFile; fileRef = 878FCEE92588B27C00CA29F5 /* myExtensions.swift */; };
/* End PBXBuildFile section */

/* Begin PBXFileReference section */
		878FCECD2588B1FD00CA29F5 /* StoryboardConstraints App.app */ = {isa = PBXFileReference; explicitFileType = wrapper.application; includeInIndex = 0; path = "StoryboardConstraints App.app"; sourceTree = BUILT_PRODUCTS_DIR; };
		878FCED02588B1FD00CA29F5 /* AppDelegate.swift */ = {isa = PBXFileReference; lastKnownFileType = sourcecode.swift; path = AppDelegate.swift; sourceTree = "<group>"; };
		878FCED22588B1FD00CA29F5 /* SceneDelegate.swift */ = {isa = PBXFileReference; lastKnownFileType = sourcecode.swift; path = SceneDelegate.swift; sourceTree = "<group>"; };
		878FCED42588B1FD00CA29F5 /* MainViewController.swift */ = {isa = PBXFileReference; lastKnownFileType = sourcecode.swift; path = MainViewController.swift; sourceTree = "<group>"; };
		878FCED72588B1FD00CA29F5 /* Base */ = {isa = PBXFileReference; lastKnownFileType = file.storyboard; name = Base; path = Base.lproj/Main.storyboard; sourceTree = "<group>"; };
		878FCED92588B1FD00CA29F5 /* Assets.xcassets */ = {isa = PBXFileReference; lastKnownFileType = folder.assetcatalog; path = Assets.xcassets; sourceTree = "<group>"; };
		878FCEDC2588B1FD00CA29F5 /* Base */ = {isa = PBXFileReference; lastKnownFileType = file.storyboard; name = Base; path = Base.lproj/LaunchScreen.storyboard; sourceTree = "<group>"; };
		878FCEDE2588B1FD00CA29F5 /* Info.plist */ = {isa = PBXFileReference; lastKnownFileType = text.plist.xml; path = Info.plist; sourceTree = "<group>"; };
		878FCEE52588B24400CA29F5 /* Content.swift */ = {isa = PBXFileReference; lastKnownFileType = sourcecode.swift; path = Content.swift; sourceTree = "<group>"; };
		878FCEE92588B27C00CA29F5 /* myExtensions.swift */ = {isa = PBXFileReference; lastKnownFileType = sourcecode.swift; path = myExtensions.swift; sourceTree = "<group>"; };
/* End PBXFileReference section */

/* Begin PBXFrameworksBuildPhase section */
		878FCECA2588B1FD00CA29F5 /* Frameworks */ = {
			isa = PBXFrameworksBuildPhase;
			buildActionMask = 2147483647;
			files = (
			);
			runOnlyForDeploymentPostprocessing = 0;
		};
/* End PBXFrameworksBuildPhase section */

/* Begin PBXGroup section */
		878FCEC42588B1FD00CA29F5 = {
			isa = PBXGroup;
			children = (
				878FCECF2588B1FD00CA29F5 /* StoryboardConstraints App */,
				878FCECE2588B1FD00CA29F5 /* Products */,
			);
			sourceTree = "<group>";
		};
		878FCECE2588B1FD00CA29F5 /* Products */ = {
			isa = PBXGroup;
			children = (
				878FCECD2588B1FD00CA29F5 /* StoryboardConstraints App.app */,
			);
			name = Products;
			sourceTree = "<group>";
		};
		878FCECF2588B1FD00CA29F5 /* StoryboardConstraints App */ = {
			isa = PBXGroup;
			children = (
				878FCED02588B1FD00CA29F5 /* AppDelegate.swift */,
				878FCED22588B1FD00CA29F5 /* SceneDelegate.swift */,
				878FCEE92588B27C00CA29F5 /* myExtensions.swift */,
				878FCED42588B1FD00CA29F5 /* MainViewController.swift */,
				878FCEE52588B24400CA29F5 /* Content.swift */,
				878FCED62588B1FD00CA29F5 /* Main.storyboard */,
				878FCED92588B1FD00CA29F5 /* Assets.xcassets */,
				878FCEDB2588B1FD00CA29F5 /* LaunchScreen.storyboard */,
				878FCEDE2588B1FD00CA29F5 /* Info.plist */,
			);
			path = "StoryboardConstraints App";
			sourceTree = "<group>";
		};
/* End PBXGroup section */

/* Begin PBXNativeTarget section */
		878FCECC2588B1FD00CA29F5 /* StoryboardConstraints App */ = {
			isa = PBXNativeTarget;
			buildConfigurationList = 878FCEE12588B1FD00CA29F5 /* Build configuration list for PBXNativeTarget "StoryboardConstraints App" */;
			buildPhases = (
				878FCEC92588B1FD00CA29F5 /* Sources */,
				878FCECA2588B1FD00CA29F5 /* Frameworks */,
				878FCECB2588B1FD00CA29F5 /* Resources */,
			);
			buildRules = (
			);
			dependencies = (
			);
			name = "StoryboardConstraints App";
			productName = "StoryboardConstraints App";
			productReference = 878FCECD2588B1FD00CA29F5 /* StoryboardConstraints App.app */;
			productType = "com.apple.product-type.application";
		};
/* End PBXNativeTarget section */

/* Begin PBXProject section */
		878FCEC52588B1FD00CA29F5 /* Project object */ = {
			isa = PBXProject;
			attributes = {
				LastSwiftUpdateCheck = 1220;
				LastUpgradeCheck = 1220;
				TargetAttributes = {
					878FCECC2588B1FD00CA29F5 = {
						CreatedOnToolsVersion = 12.2;
					};
				};
			};
			buildConfigurationList = 878FCEC82588B1FD00CA29F5 /* Build configuration list for PBXProject "StoryboardConstraints App" */;
			compatibilityVersion = "Xcode 9.3";
			developmentRegion = en;
			hasScannedForEncodings = 0;
			knownRegions = (
				en,
				Base,
			);
			mainGroup = 878FCEC42588B1FD00CA29F5;
			productRefGroup = 878FCECE2588B1FD00CA29F5 /* Products */;
			projectDirPath = "";
			projectRoot = "";
			targets = (
				878FCECC2588B1FD00CA29F5 /* StoryboardConstraints App */,
			);
		};
/* End PBXProject section */

/* Begin PBXResourcesBuildPhase section */
		878FCECB2588B1FD00CA29F5 /* Resources */ = {
			isa = PBXResourcesBuildPhase;
			buildActionMask = 2147483647;
			files = (
				878FCEDD2588B1FD00CA29F5 /* LaunchScreen.storyboard in Resources */,
				878FCEDA2588B1FD00CA29F5 /* Assets.xcassets in Resources */,
				878FCED82588B1FD00CA29F5 /* Main.storyboard in Resources */,
			);
			runOnlyForDeploymentPostprocessing = 0;
		};
/* End PBXResourcesBuildPhase section */

/* Begin PBXSourcesBuildPhase section */
		878FCEC92588B1FD00CA29F5 /* Sources */ = {
			isa = PBXSourcesBuildPhase;
			buildActionMask = 2147483647;
			files = (
				878FCED52588B1FD00CA29F5 /* MainViewController.swift in Sources */,
				878FCED12588B1FD00CA29F5 /* AppDelegate.swift in Sources */,
				878FCED32588B1FD00CA29F5 /* SceneDelegate.swift in Sources */,
				878FCEEA2588B27C00CA29F5 /* myExtensions.swift in Sources */,
				878FCEE62588B24400CA29F5 /* Content.swift in Sources */,
			);
			runOnlyForDeploymentPostprocessing = 0;
		};
/* End PBXSourcesBuildPhase section */

/* Begin PBXVariantGroup section */
		878FCED62588B1FD00CA29F5 /* Main.storyboard */ = {
			isa = PBXVariantGroup;
			children = (
				878FCED72588B1FD00CA29F5 /* Base */,
			);
			name = Main.storyboard;
			sourceTree = "<group>";
		};
		878FCEDB2588B1FD00CA29F5 /* LaunchScreen.storyboard */ = {
			isa = PBXVariantGroup;
			children = (
				878FCEDC2588B1FD00CA29F5 /* Base */,
			);
			name = LaunchScreen.storyboard;
			sourceTree = "<group>";
		};
/* End PBXVariantGroup section */

/* Begin XCBuildConfiguration section */
		878FCEDF2588B1FD00CA29F5 /* Debug */ = {
			isa = XCBuildConfiguration;
			buildSettings = {
				ALWAYS_SEARCH_USER_PATHS = NO;
				CLANG_ANALYZER_NONNULL = YES;
				CLANG_ANALYZER_NUMBER_OBJECT_CONVERSION = YES_AGGRESSIVE;
				CLANG_CXX_LANGUAGE_STANDARD = "gnu++14";
				CLANG_CXX_LIBRARY = "libc++";
				CLANG_ENABLE_MODULES = YES;
				CLANG_ENABLE_OBJC_ARC = YES;
				CLANG_ENABLE_OBJC_WEAK = YES;
				CLANG_WARN_BLOCK_CAPTURE_AUTORELEASING = YES;
				CLANG_WARN_BOOL_CONVERSION = YES;
				CLANG_WARN_COMMA = YES;
				CLANG_WARN_CONSTANT_CONVERSION = YES;
				CLANG_WARN_DEPRECATED_OBJC_IMPLEMENTATIONS = YES;
				CLANG_WARN_DIRECT_OBJC_ISA_USAGE = YES_ERROR;
				CLANG_WARN_DOCUMENTATION_COMMENTS = YES;
				CLANG_WARN_EMPTY_BODY = YES;
				CLANG_WARN_ENUM_CONVERSION = YES;
				CLANG_WARN_INFINITE_RECURSION = YES;
				CLANG_WARN_INT_CONVERSION = YES;
				CLANG_WARN_NON_LITERAL_NULL_CONVERSION = YES;
				CLANG_WARN_OBJC_IMPLICIT_RETAIN_SELF = YES;
				CLANG_WARN_OBJC_LITERAL_CONVERSION = YES;
				CLANG_WARN_OBJC_ROOT_CLASS = YES_ERROR;
				CLANG_WARN_QUOTED_INCLUDE_IN_FRAMEWORK_HEADER = YES;
				CLANG_WARN_RANGE_LOOP_ANALYSIS = YES;
				CLANG_WARN_STRICT_PROTOTYPES = YES;
				CLANG_WARN_SUSPICIOUS_MOVE = YES;
				CLANG_WARN_UNGUARDED_AVAILABILITY = YES_AGGRESSIVE;
				CLANG_WARN_UNREACHABLE_CODE = YES;
				CLANG_WARN__DUPLICATE_METHOD_MATCH = YES;
				COPY_PHASE_STRIP = NO;
				DEBUG_INFORMATION_FORMAT = dwarf;
				ENABLE_STRICT_OBJC_MSGSEND = YES;
				ENABLE_TESTABILITY = YES;
				GCC_C_LANGUAGE_STANDARD = gnu11;
				GCC_DYNAMIC_NO_PIC = NO;
				GCC_NO_COMMON_BLOCKS = YES;
				GCC_OPTIMIZATION_LEVEL = 0;
				GCC_PREPROCESSOR_DEFINITIONS = (
					"DEBUG=1",
					"$(inherited)",
				);
				GCC_WARN_64_TO_32_BIT_CONVERSION = YES;
				GCC_WARN_ABOUT_RETURN_TYPE = YES_ERROR;
				GCC_WARN_UNDECLARED_SELECTOR = YES;
				GCC_WARN_UNINITIALIZED_AUTOS = YES_AGGRESSIVE;
				GCC_WARN_UNUSED_FUNCTION = YES;
				GCC_WARN_UNUSED_VARIABLE = YES;
				IPHONEOS_DEPLOYMENT_TARGET = 14.2;
				MTL_ENABLE_DEBUG_INFO = INCLUDE_SOURCE;
				MTL_FAST_MATH = YES;
				ONLY_ACTIVE_ARCH = YES;
				SDKROOT = iphoneos;
				SWIFT_ACTIVE_COMPILATION_CONDITIONS = DEBUG;
				SWIFT_OPTIMIZATION_LEVEL = "-Onone";
			};
			name = Debug;
		};
		878FCEE02588B1FD00CA29F5 /* Release */ = {
			isa = XCBuildConfiguration;
			buildSettings = {
				ALWAYS_SEARCH_USER_PATHS = NO;
				CLANG_ANALYZER_NONNULL = YES;
				CLANG_ANALYZER_NUMBER_OBJECT_CONVERSION = YES_AGGRESSIVE;
				CLANG_CXX_LANGUAGE_STANDARD = "gnu++14";
				CLANG_CXX_LIBRARY = "libc++";
				CLANG_ENABLE_MODULES = YES;
				CLANG_ENABLE_OBJC_ARC = YES;
				CLANG_ENABLE_OBJC_WEAK = YES;
				CLANG_WARN_BLOCK_CAPTURE_AUTORELEASING = YES;
				CLANG_WARN_BOOL_CONVERSION = YES;
				CLANG_WARN_COMMA = YES;
				CLANG_WARN_CONSTANT_CONVERSION = YES;
				CLANG_WARN_DEPRECATED_OBJC_IMPLEMENTATIONS = YES;
				CLANG_WARN_DIRECT_OBJC_ISA_USAGE = YES_ERROR;
				CLANG_WARN_DOCUMENTATION_COMMENTS = YES;
				CLANG_WARN_EMPTY_BODY = YES;
				CLANG_WARN_ENUM_CONVERSION = YES;
				CLANG_WARN_INFINITE_RECURSION = YES;
				CLANG_WARN_INT_CONVERSION = YES;
				CLANG_WARN_NON_LITERAL_NULL_CONVERSION = YES;
				CLANG_WARN_OBJC_IMPLICIT_RETAIN_SELF = YES;
				CLANG_WARN_OBJC_LITERAL_CONVERSION = YES;
				CLANG_WARN_OBJC_ROOT_CLASS = YES_ERROR;
				CLANG_WARN_QUOTED_INCLUDE_IN_FRAMEWORK_HEADER = YES;
				CLANG_WARN_RANGE_LOOP_ANALYSIS = YES;
				CLANG_WARN_STRICT_PROTOTYPES = YES;
				CLANG_WARN_SUSPICIOUS_MOVE = YES;
				CLANG_WARN_UNGUARDED_AVAILABILITY = YES_AGGRESSIVE;
				CLANG_WARN_UNREACHABLE_CODE = YES;
				CLANG_WARN__DUPLICATE_METHOD_MATCH = YES;
				COPY_PHASE_STRIP = NO;
				DEBUG_INFORMATION_FORMAT = "dwarf-with-dsym";
				ENABLE_NS_ASSERTIONS = NO;
				ENABLE_STRICT_OBJC_MSGSEND = YES;
				GCC_C_LANGUAGE_STANDARD = gnu11;
				GCC_NO_COMMON_BLOCKS = YES;
				GCC_WARN_64_TO_32_BIT_CONVERSION = YES;
				GCC_WARN_ABOUT_RETURN_TYPE = YES_ERROR;
				GCC_WARN_UNDECLARED_SELECTOR = YES;
				GCC_WARN_UNINITIALIZED_AUTOS = YES_AGGRESSIVE;
				GCC_WARN_UNUSED_FUNCTION = YES;
				GCC_WARN_UNUSED_VARIABLE = YES;
				IPHONEOS_DEPLOYMENT_TARGET = 14.2;
				MTL_ENABLE_DEBUG_INFO = NO;
				MTL_FAST_MATH = YES;
				SDKROOT = iphoneos;
				SWIFT_COMPILATION_MODE = wholemodule;
				SWIFT_OPTIMIZATION_LEVEL = "-O";
				VALIDATE_PRODUCT = YES;
			};
			name = Release;
		};
		878FCEE22588B1FD00CA29F5 /* Debug */ = {
			isa = XCBuildConfiguration;
			buildSettings = {
				ASSETCATALOG_COMPILER_APPICON_NAME = AppIcon;
				ASSETCATALOG_COMPILER_GLOBAL_ACCENT_COLOR_NAME = AccentColor;
				CODE_SIGN_STYLE = Automatic;
				INFOPLIST_FILE = "StoryboardConstraints App/Info.plist";
				IPHONEOS_DEPLOYMENT_TARGET = 13.0;
				LD_RUNPATH_SEARCH_PATHS = (
					"$(inherited)",
					"@executable_path/Frameworks",
				);
				PRODUCT_BUNDLE_IDENTIFIER = "com.development.StoryboardConstraints-App";
				PRODUCT_NAME = "$(TARGET_NAME)";
				SWIFT_VERSION = 5.0;
				TARGETED_DEVICE_FAMILY = "1,2";
			};
			name = Debug;
		};
		878FCEE32588B1FD00CA29F5 /* Release */ = {
			isa = XCBuildConfiguration;
			buildSettings = {
				ASSETCATALOG_COMPILER_APPICON_NAME = AppIcon;
				ASSETCATALOG_COMPILER_GLOBAL_ACCENT_COLOR_NAME = AccentColor;
				CODE_SIGN_STYLE = Automatic;
				INFOPLIST_FILE = "StoryboardConstraints App/Info.plist";
				IPHONEOS_DEPLOYMENT_TARGET = 13.0;
				LD_RUNPATH_SEARCH_PATHS = (
					"$(inherited)",
					"@executable_path/Frameworks",
				);
				PRODUCT_BUNDLE_IDENTIFIER = "com.development.StoryboardConstraints-App";
				PRODUCT_NAME = "$(TARGET_NAME)";
				SWIFT_VERSION = 5.0;
				TARGETED_DEVICE_FAMILY = "1,2";
			};
			name = Release;
		};
/* End XCBuildConfiguration section */

/* Begin XCConfigurationList section */
		878FCEC82588B1FD00CA29F5 /* Build configuration list for PBXProject "StoryboardConstraints App" */ = {
			isa = XCConfigurationList;
			buildConfigurations = (
				878FCEDF2588B1FD00CA29F5 /* Debug */,
				878FCEE02588B1FD00CA29F5 /* Release */,
			);
			defaultConfigurationIsVisible = 0;
			defaultConfigurationName = Release;
		};
		878FCEE12588B1FD00CA29F5 /* Build configuration list for PBXNativeTarget "StoryboardConstraints App" */ = {
			isa = XCConfigurationList;
			buildConfigurations = (
				878FCEE22588B1FD00CA29F5 /* Debug */,
				878FCEE32588B1FD00CA29F5 /* Release */,
			);
			defaultConfigurationIsVisible = 0;
			defaultConfigurationName = Release;
		};
/* End XCConfigurationList section */
	};
	rootObject = 878FCEC52588B1FD00CA29F5 /* Project object */;
}
